{
  "originHash" : "af33b81124ed8313294462af61afa51b0e4ac75a8e1d7440295362120e3cfae5",
  "pins" : [
    {
      "identity" : "architecturelinter",
      "kind" : "remoteSourceControl",
      "location" : "ssh://git@github.com/More-Coin/ArchitectureLinter.git",
      "state" : {
        "revision" : "2016f41ff700e6000100de56f2e32ea2001c73bd",
        "version" : "0.2.0"
      }
    },
    {
      "identity" : "swift-syntax",
      "kind" : "remoteSourceControl",
      "location" : "https://github.com/swiftlang/swift-syntax.git",
      "state" : {
        "revision" : "2b59c0c741e9184ab057fd22950b491076d42e91",
        "version" : "603.0.0"
      }
    }
  ],
  "version" : 3
}
