{
  "originHash" : "7cd94d88a1420a4a2a022c36e4d28866fcfd5e238b17382b9dceaa498e91e6b3",
  "pins" : [
    {
      "identity" : "kanbanarchitecturelinter",
      "kind" : "remoteSourceControl",
      "location" : "ssh://git@github.com/More-Coin/KanbanArchitectureLinter.git",
      "state" : {
        "revision" : "94e8adb31696cfb5731db1c48d5399a615611f26",
        "version" : "0.1.0"
      }
    },
    {
      "identity" : "swift-syntax",
      "kind" : "remoteSourceControl",
      "location" : "https://github.com/swiftlang/swift-syntax.git",
      "state" : {
        "revision" : "2b59c0c741e9184ab057fd22950b491076d42e91",
        "version" : "603.0.0"
      }
    }
  ],
  "version" : 3
}
