// !$*UTF8*$!
{
	archiveVersion = 1;
	classes = {
	};
	objectVersion = 77;
	objects = {

/* Begin PBXBuildFile section */
		F43ECC2E2F763E1B0098F6E2 /* SwiftParser in Frameworks */ = {isa = PBXBuildFile; productRef = F43ECC2D2F763E1B0098F6E2 /* SwiftParser */; };
		F43ECC302F763E1B0098F6E2 /* SwiftSyntax in Frameworks */ = {isa = PBXBuildFile; productRef = F43ECC2F2F763E1B0098F6E2 /* SwiftSyntax */; };
/* End PBXBuildFile section */

/* Begin PBXContainerItemProxy section */
		F43EC9C02F7639890098F6E2 /* PBXContainerItemProxy */ = {
			isa = PBXContainerItemProxy;
			containerPortal = F43EC9AA2F7639880098F6E2 /* Project object */;
			proxyType = 1;
			remoteGlobalIDString = F43EC9B12F7639880098F6E2;
			remoteInfo = SymphonyKanban;
		};
		F43EC9CA2F7639890098F6E2 /* PBXContainerItemProxy */ = {
			isa = PBXContainerItemProxy;
			containerPortal = F43EC9AA2F7639880098F6E2 /* Project object */;
			proxyType = 1;
			remoteGlobalIDString = F43EC9B12F7639880098F6E2;
			remoteInfo = SymphonyKanban;
		};
/* End PBXContainerItemProxy section */

/* Begin PBXFileReference section */
		F43EC9B22F7639880098F6E2 /* SymphonyKanban.app */ = {isa = PBXFileReference; explicitFileType = wrapper.application; includeInIndex = 0; path = SymphonyKanban.app; sourceTree = BUILT_PRODUCTS_DIR; };
		F43EC9BF2F7639890098F6E2 /* SymphonyKanbanTests.xctest */ = {isa = PBXFileReference; explicitFileType = wrapper.cfbundle; includeInIndex = 0; path = SymphonyKanbanTests.xctest; sourceTree = BUILT_PRODUCTS_DIR; };
		F43EC9C92F7639890098F6E2 /* SymphonyKanbanUITests.xctest */ = {isa = PBXFileReference; explicitFileType = wrapper.cfbundle; includeInIndex = 0; path = SymphonyKanbanUITests.xctest; sourceTree = BUILT_PRODUCTS_DIR; };
/* End PBXFileReference section */

/* Begin PBXFileSystemSynchronizedRootGroup section */
		F43EC9B42F7639880098F6E2 /* SymphonyKanban */ = {
			isa = PBXFileSystemSynchronizedRootGroup;
			path = SymphonyKanban;
			sourceTree = "<group>";
		};
		F43EC9C22F7639890098F6E2 /* SymphonyKanbanTests */ = {
			isa = PBXFileSystemSynchronizedRootGroup;
			path = SymphonyKanbanTests;
			sourceTree = "<group>";
		};
		F43EC9CC2F7639890098F6E2 /* SymphonyKanbanUITests */ = {
			isa = PBXFileSystemSynchronizedRootGroup;
			path = SymphonyKanbanUITests;
			sourceTree = "<group>";
		};
/* End PBXFileSystemSynchronizedRootGroup section */

/* Begin PBXFrameworksBuildPhase section */
		F43EC9AF2F7639880098F6E2 /* Frameworks */ = {
			isa = PBXFrameworksBuildPhase;
			buildActionMask = 2147483647;
			files = (
				F43ECC2E2F763E1B0098F6E2 /* SwiftParser in Frameworks */,
				F43ECC302F763E1B0098F6E2 /* SwiftSyntax in Frameworks */,
			);
			runOnlyForDeploymentPostprocessing = 0;
		};
		F43EC9BC2F7639890098F6E2 /* Frameworks */ = {
			isa = PBXFrameworksBuildPhase;
			buildActionMask = 2147483647;
			files = (
			);
			runOnlyForDeploymentPostprocessing = 0;
		};
		F43EC9C62F7639890098F6E2 /* Frameworks */ = {
			isa = PBXFrameworksBuildPhase;
			buildActionMask = 2147483647;
			files = (
			);
			runOnlyForDeploymentPostprocessing = 0;
		};
/* End PBXFrameworksBuildPhase section */

/* Begin PBXGroup section */
		F43EC9A92F7639880098F6E2 = {
			isa = PBXGroup;
			children = (
				F43EC9B42F7639880098F6E2 /* SymphonyKanban */,
				F43EC9C22F7639890098F6E2 /* SymphonyKanbanTests */,
				F43EC9CC2F7639890098F6E2 /* SymphonyKanbanUITests */,
				F43EC9B32F7639880098F6E2 /* Products */,
			);
			sourceTree = "<group>";
		};
		F43EC9B32F7639880098F6E2 /* Products */ = {
			isa = PBXGroup;
			children = (
				F43EC9B22F7639880098F6E2 /* SymphonyKanban.app */,
				F43EC9BF2F7639890098F6E2 /* SymphonyKanbanTests.xctest */,
				F43EC9C92F7639890098F6E2 /* SymphonyKanbanUITests.xctest */,
			);
			name = Products;
			sourceTree = "<group>";
		};
/* End PBXGroup section */

/* Begin PBXNativeTarget section */
		F43EC9B12F7639880098F6E2 /* SymphonyKanban */ = {
			isa = PBXNativeTarget;
			buildConfigurationList = F43EC9D32F7639890098F6E2 /* Build configuration list for PBXNativeTarget "SymphonyKanban" */;
			buildPhases = (
				F43EC9AE2F7639880098F6E2 /* Sources */,
				F43EC9AF2F7639880098F6E2 /* Frameworks */,
				F43EC9B02F7639880098F6E2 /* Resources */,
			);
			buildRules = (
			);
			dependencies = (
			);
			fileSystemSynchronizedGroups = (
				F43EC9B42F7639880098F6E2 /* SymphonyKanban */,
			);
			name = SymphonyKanban;
			packageProductDependencies = (
				F43ECC2D2F763E1B0098F6E2 /* SwiftParser */,
				F43ECC2F2F763E1B0098F6E2 /* SwiftSyntax */,
			);
			productName = SymphonyKanban;
			productReference = F43EC9B22F7639880098F6E2 /* SymphonyKanban.app */;
			productType = "com.apple.product-type.application";
		};
		F43EC9BE2F7639890098F6E2 /* SymphonyKanbanTests */ = {
			isa = PBXNativeTarget;
			buildConfigurationList = F43EC9D62F7639890098F6E2 /* Build configuration list for PBXNativeTarget "SymphonyKanbanTests" */;
			buildPhases = (
				F43EC9BB2F7639890098F6E2 /* Sources */,
				F43EC9BC2F7639890098F6E2 /* Frameworks */,
				F43EC9BD2F7639890098F6E2 /* Resources */,
			);
			buildRules = (
			);
			dependencies = (
				F43EC9C12F7639890098F6E2 /* PBXTargetDependency */,
			);
			fileSystemSynchronizedGroups = (
				F43EC9C22F7639890098F6E2 /* SymphonyKanbanTests */,
			);
			name = SymphonyKanbanTests;
			packageProductDependencies = (
			);
			productName = SymphonyKanbanTests;
			productReference = F43EC9BF2F7639890098F6E2 /* SymphonyKanbanTests.xctest */;
			productType = "com.apple.product-type.bundle.unit-test";
		};
		F43EC9C82F7639890098F6E2 /* SymphonyKanbanUITests */ = {
			isa = PBXNativeTarget;
			buildConfigurationList = F43EC9D92F7639890098F6E2 /* Build configuration list for PBXNativeTarget "SymphonyKanbanUITests" */;
			buildPhases = (
				F43EC9C52F7639890098F6E2 /* Sources */,
				F43EC9C62F7639890098F6E2 /* Frameworks */,
				F43EC9C72F7639890098F6E2 /* Resources */,
			);
			buildRules = (
			);
			dependencies = (
				F43EC9CB2F7639890098F6E2 /* PBXTargetDependency */,
			);
			fileSystemSynchronizedGroups = (
				F43EC9CC2F7639890098F6E2 /* SymphonyKanbanUITests */,
			);
			name = SymphonyKanbanUITests;
			packageProductDependencies = (
			);
			productName = SymphonyKanbanUITests;
			productReference = F43EC9C92F7639890098F6E2 /* SymphonyKanbanUITests.xctest */;
			productType = "com.apple.product-type.bundle.ui-testing";
		};
/* End PBXNativeTarget section */

/* Begin PBXProject section */
		F43EC9AA2F7639880098F6E2 /* Project object */ = {
			isa = PBXProject;
			attributes = {
				BuildIndependentTargetsInParallel = 1;
				LastSwiftUpdateCheck = 2630;
				LastUpgradeCheck = 2630;
				TargetAttributes = {
					F43EC9B12F7639880098F6E2 = {
						CreatedOnToolsVersion = 26.3;
					};
					F43EC9BE2F7639890098F6E2 = {
						CreatedOnToolsVersion = 26.3;
						TestTargetID = F43EC9B12F7639880098F6E2;
					};
					F43EC9C82F7639890098F6E2 = {
						CreatedOnToolsVersion = 26.3;
						TestTargetID = F43EC9B12F7639880098F6E2;
					};
				};
			};
			buildConfigurationList = F43EC9AD2F7639880098F6E2 /* Build configuration list for PBXProject "SymphonyKanban" */;
			developmentRegion = en;
			hasScannedForEncodings = 0;
			knownRegions = (
				en,
				Base,
			);
			mainGroup = F43EC9A92F7639880098F6E2;
			minimizedProjectReferenceProxies = 1;
			packageReferences = (
				F43ECC2C2F763E1B0098F6E2 /* XCRemoteSwiftPackageReference "swift-syntax" */,
			);
			preferredProjectObjectVersion = 77;
			productRefGroup = F43EC9B32F7639880098F6E2 /* Products */;
			projectDirPath = "";
			projectRoot = "";
			targets = (
				F43EC9B12F7639880098F6E2 /* SymphonyKanban */,
				F43EC9BE2F7639890098F6E2 /* SymphonyKanbanTests */,
				F43EC9C82F7639890098F6E2 /* SymphonyKanbanUITests */,
			);
		};
/* End PBXProject section */

/* Begin PBXResourcesBuildPhase section */
		F43EC9B02F7639880098F6E2 /* Resources */ = {
			isa = PBXResourcesBuildPhase;
			buildActionMask = 2147483647;
			files = (
			);
			runOnlyForDeploymentPostprocessing = 0;
		};
		F43EC9BD2F7639890098F6E2 /* Resources */ = {
			isa = PBXResourcesBuildPhase;
			buildActionMask = 2147483647;
			files = (
			);
			runOnlyForDeploymentPostprocessing = 0;
		};
		F43EC9C72F7639890098F6E2 /* Resources */ = {
			isa = PBXResourcesBuildPhase;
			buildActionMask = 2147483647;
			files = (
			);
			runOnlyForDeploymentPostprocessing = 0;
		};
/* End PBXResourcesBuildPhase section */

/* Begin PBXSourcesBuildPhase section */
		F43EC9AE2F7639880098F6E2 /* Sources */ = {
			isa = PBXSourcesBuildPhase;
			buildActionMask = 2147483647;
			files = (
			);
			runOnlyForDeploymentPostprocessing = 0;
		};
		F43EC9BB2F7639890098F6E2 /* Sources */ = {
			isa = PBXSourcesBuildPhase;
			buildActionMask = 2147483647;
			files = (
			);
			runOnlyForDeploymentPostprocessing = 0;
		};
		F43EC9C52F7639890098F6E2 /* Sources */ = {
			isa = PBXSourcesBuildPhase;
			buildActionMask = 2147483647;
			files = (
			);
			runOnlyForDeploymentPostprocessing = 0;
		};
/* End PBXSourcesBuildPhase section */

/* Begin PBXTargetDependency section */
		F43EC9C12F7639890098F6E2 /* PBXTargetDependency */ = {
			isa = PBXTargetDependency;
			target = F43EC9B12F7639880098F6E2 /* SymphonyKanban */;
			targetProxy = F43EC9C02F7639890098F6E2 /* PBXContainerItemProxy */;
		};
		F43EC9CB2F7639890098F6E2 /* PBXTargetDependency */ = {
			isa = PBXTargetDependency;
			target = F43EC9B12F7639880098F6E2 /* SymphonyKanban */;
			targetProxy = F43EC9CA2F7639890098F6E2 /* PBXContainerItemProxy */;
		};
/* End PBXTargetDependency section */

/* Begin XCBuildConfiguration section */
		F43EC9D12F7639890098F6E2 /* Debug */ = {
			isa = XCBuildConfiguration;
			buildSettings = {
				ALWAYS_SEARCH_USER_PATHS = NO;
				ASSETCATALOG_COMPILER_GENERATE_SWIFT_ASSET_SYMBOL_EXTENSIONS = NO;
				CLANG_ANALYZER_NONNULL = YES;
				CLANG_ANALYZER_NUMBER_OBJECT_CONVERSION = YES_AGGRESSIVE;
				CLANG_CXX_LANGUAGE_STANDARD = "gnu++20";
				CLANG_ENABLE_MODULES = YES;
				CLANG_ENABLE_OBJC_ARC = YES;
				CLANG_ENABLE_OBJC_WEAK = YES;
				CLANG_WARN_BLOCK_CAPTURE_AUTORELEASING = YES;
				CLANG_WARN_BOOL_CONVERSION = YES;
				CLANG_WARN_COMMA = YES;
				CLANG_WARN_CONSTANT_CONVERSION = YES;
				CLANG_WARN_DEPRECATED_OBJC_IMPLEMENTATIONS = YES;
				CLANG_WARN_DIRECT_OBJC_ISA_USAGE = YES_ERROR;
				CLANG_WARN_DOCUMENTATION_COMMENTS = YES;
				CLANG_WARN_EMPTY_BODY = YES;
				CLANG_WARN_ENUM_CONVERSION = YES;
				CLANG_WARN_INFINITE_RECURSION = YES;
				CLANG_WARN_INT_CONVERSION = YES;
				CLANG_WARN_NON_LITERAL_NULL_CONVERSION = YES;
				CLANG_WARN_OBJC_IMPLICIT_RETAIN_SELF = YES;
				CLANG_WARN_OBJC_LITERAL_CONVERSION = YES;
				CLANG_WARN_OBJC_ROOT_CLASS = YES_ERROR;
				CLANG_WARN_QUOTED_INCLUDE_IN_FRAMEWORK_HEADER = YES;
				CLANG_WARN_RANGE_LOOP_ANALYSIS = YES;
				CLANG_WARN_STRICT_PROTOTYPES = YES;
				CLANG_WARN_SUSPICIOUS_MOVE = YES;
				CLANG_WARN_UNGUARDED_AVAILABILITY = YES_AGGRESSIVE;
				CLANG_WARN_UNREACHABLE_CODE = YES;
				CLANG_WARN__DUPLICATE_METHOD_MATCH = YES;
				COPY_PHASE_STRIP = NO;
				DEBUG_INFORMATION_FORMAT = dwarf;
				DEVELOPMENT_TEAM = KRYV8QJ5PU;
				ENABLE_STRICT_OBJC_MSGSEND = YES;
				ENABLE_TESTABILITY = YES;
				ENABLE_USER_SCRIPT_SANDBOXING = YES;
				GCC_C_LANGUAGE_STANDARD = gnu17;
				GCC_DYNAMIC_NO_PIC = NO;
				GCC_NO_COMMON_BLOCKS = YES;
				GCC_OPTIMIZATION_LEVEL = 0;
				GCC_PREPROCESSOR_DEFINITIONS = (
					"DEBUG=1",
					"$(inherited)",
				);
				GCC_WARN_64_TO_32_BIT_CONVERSION = YES;
				GCC_WARN_ABOUT_RETURN_TYPE = YES_ERROR;
				GCC_WARN_UNDECLARED_SELECTOR = YES;
				GCC_WARN_UNINITIALIZED_AUTOS = YES_AGGRESSIVE;
				GCC_WARN_UNUSED_FUNCTION = YES;
				GCC_WARN_UNUSED_VARIABLE = YES;
				LOCALIZATION_PREFERS_STRING_CATALOGS = YES;
				MACOSX_DEPLOYMENT_TARGET = 26.2;
				MTL_ENABLE_DEBUG_INFO = INCLUDE_SOURCE;
				MTL_FAST_MATH = YES;
				ONLY_ACTIVE_ARCH = YES;
				SDKROOT = macosx;
				SWIFT_ACTIVE_COMPILATION_CONDITIONS = "DEBUG $(inherited)";
				SWIFT_OPTIMIZATION_LEVEL = "-Onone";
			};
			name = Debug;
		};
		F43EC9D22F7639890098F6E2 /* Release */ = {
			isa = XCBuildConfiguration;
			buildSettings = {
				ALWAYS_SEARCH_USER_PATHS = NO;
				ASSETCATALOG_COMPILER_GENERATE_SWIFT_ASSET_SYMBOL_EXTENSIONS = NO;
				CLANG_ANALYZER_NONNULL = YES;
				CLANG_ANALYZER_NUMBER_OBJECT_CONVERSION = YES_AGGRESSIVE;
				CLANG_CXX_LANGUAGE_STANDARD = "gnu++20";
				CLANG_ENABLE_MODULES = YES;
				CLANG_ENABLE_OBJC_ARC = YES;
				CLANG_ENABLE_OBJC_WEAK = YES;
				CLANG_WARN_BLOCK_CAPTURE_AUTORELEASING = YES;
				CLANG_WARN_BOOL_CONVERSION = YES;
				CLANG_WARN_COMMA = YES;
				CLANG_WARN_CONSTANT_CONVERSION = YES;
				CLANG_WARN_DEPRECATED_OBJC_IMPLEMENTATIONS = YES;
				CLANG_WARN_DIRECT_OBJC_ISA_USAGE = YES_ERROR;
				CLANG_WARN_DOCUMENTATION_COMMENTS = YES;
				CLANG_WARN_EMPTY_BODY = YES;
				CLANG_WARN_ENUM_CONVERSION = YES;
				CLANG_WARN_INFINITE_RECURSION = YES;
				CLANG_WARN_INT_CONVERSION = YES;
				CLANG_WARN_NON_LITERAL_NULL_CONVERSION = YES;
				CLANG_WARN_OBJC_IMPLICIT_RETAIN_SELF = YES;
				CLANG_WARN_OBJC_LITERAL_CONVERSION = YES;
				CLANG_WARN_OBJC_ROOT_CLASS = YES_ERROR;
				CLANG_WARN_QUOTED_INCLUDE_IN_FRAMEWORK_HEADER = YES;
				CLANG_WARN_RANGE_LOOP_ANALYSIS = YES;
				CLANG_WARN_STRICT_PROTOTYPES = YES;
				CLANG_WARN_SUSPICIOUS_MOVE = YES;
				CLANG_WARN_UNGUARDED_AVAILABILITY = YES_AGGRESSIVE;
				CLANG_WARN_UNREACHABLE_CODE = YES;
				CLANG_WARN__DUPLICATE_METHOD_MATCH = YES;
				COPY_PHASE_STRIP = NO;
				DEBUG_INFORMATION_FORMAT = "dwarf-with-dsym";
				DEVELOPMENT_TEAM = KRYV8QJ5PU;
				ENABLE_NS_ASSERTIONS = NO;
				ENABLE_STRICT_OBJC_MSGSEND = YES;
				ENABLE_USER_SCRIPT_SANDBOXING = YES;
				GCC_C_LANGUAGE_STANDARD = gnu17;
				GCC_NO_COMMON_BLOCKS = YES;
				GCC_WARN_64_TO_32_BIT_CONVERSION = YES;
				GCC_WARN_ABOUT_RETURN_TYPE = YES_ERROR;
				GCC_WARN_UNDECLARED_SELECTOR = YES;
				GCC_WARN_UNINITIALIZED_AUTOS = YES_AGGRESSIVE;
				GCC_WARN_UNUSED_FUNCTION = YES;
				GCC_WARN_UNUSED_VARIABLE = YES;
				LOCALIZATION_PREFERS_STRING_CATALOGS = YES;
				MACOSX_DEPLOYMENT_TARGET = 26.2;
				MTL_ENABLE_DEBUG_INFO = NO;
				MTL_FAST_MATH = YES;
				SDKROOT = macosx;
				SWIFT_COMPILATION_MODE = wholemodule;
			};
			name = Release;
		};
		F43EC9D42F7639890098F6E2 /* Debug */ = {
			isa = XCBuildConfiguration;
			buildSettings = {
				ASSETCATALOG_COMPILER_APPICON_NAME = AppIcon;
				ASSETCATALOG_COMPILER_GLOBAL_ACCENT_COLOR_NAME = AccentColor;
				CODE_SIGN_STYLE = Automatic;
				COMBINE_HIDPI_IMAGES = YES;
				CURRENT_PROJECT_VERSION = 1;
				DEVELOPMENT_TEAM = KRYV8QJ5PU;
				ENABLE_APP_SANDBOX = YES;
				ENABLE_HARDENED_RUNTIME = YES;
				ENABLE_PREVIEWS = YES;
				ENABLE_USER_SELECTED_FILES = readonly;
				GENERATE_INFOPLIST_FILE = YES;
				INFOPLIST_KEY_NSHumanReadableCopyright = "";
				LD_RUNPATH_SEARCH_PATHS = (
					"$(inherited)",
					"@executable_path/../Frameworks",
				);
				MARKETING_VERSION = 1.0;
				PRODUCT_BUNDLE_IDENTIFIER = com.jido.SymphonyKanban;
				PRODUCT_NAME = "$(TARGET_NAME)";
				REGISTER_APP_GROUPS = YES;
				STRING_CATALOG_GENERATE_SYMBOLS = YES;
				SWIFT_APPROACHABLE_CONCURRENCY = YES;
				SWIFT_DEFAULT_ACTOR_ISOLATION = nonisolated;
				SWIFT_EMIT_LOC_STRINGS = YES;
				SWIFT_UPCOMING_FEATURE_MEMBER_IMPORT_VISIBILITY = YES;
				SWIFT_VERSION = 5.0;
			};
			name = Debug;
		};
		F43EC9D52F7639890098F6E2 /* Release */ = {
			isa = XCBuildConfiguration;
			buildSettings = {
				ASSETCATALOG_COMPILER_APPICON_NAME = AppIcon;
				ASSETCATALOG_COMPILER_GLOBAL_ACCENT_COLOR_NAME = AccentColor;
				CODE_SIGN_STYLE = Automatic;
				COMBINE_HIDPI_IMAGES = YES;
				CURRENT_PROJECT_VERSION = 1;
				DEVELOPMENT_TEAM = KRYV8QJ5PU;
				ENABLE_APP_SANDBOX = YES;
				ENABLE_HARDENED_RUNTIME = YES;
				ENABLE_PREVIEWS = YES;
				ENABLE_USER_SELECTED_FILES = readonly;
				GENERATE_INFOPLIST_FILE = YES;
				INFOPLIST_KEY_NSHumanReadableCopyright = "";
				LD_RUNPATH_SEARCH_PATHS = (
					"$(inherited)",
					"@executable_path/../Frameworks",
				);
				MARKETING_VERSION = 1.0;
				PRODUCT_BUNDLE_IDENTIFIER = com.jido.SymphonyKanban;
				PRODUCT_NAME = "$(TARGET_NAME)";
				REGISTER_APP_GROUPS = YES;
				STRING_CATALOG_GENERATE_SYMBOLS = YES;
				SWIFT_APPROACHABLE_CONCURRENCY = YES;
				SWIFT_DEFAULT_ACTOR_ISOLATION = nonisolated;
				SWIFT_EMIT_LOC_STRINGS = YES;
				SWIFT_UPCOMING_FEATURE_MEMBER_IMPORT_VISIBILITY = YES;
				SWIFT_VERSION = 5.0;
			};
			name = Release;
		};
		F43EC9D72F7639890098F6E2 /* Debug */ = {
			isa = XCBuildConfiguration;
			buildSettings = {
				BUNDLE_LOADER = "$(TEST_HOST)";
				CODE_SIGN_STYLE = Automatic;
				CURRENT_PROJECT_VERSION = 1;
				DEVELOPMENT_TEAM = KRYV8QJ5PU;
				GENERATE_INFOPLIST_FILE = YES;
				MACOSX_DEPLOYMENT_TARGET = 26.2;
				MARKETING_VERSION = 1.0;
				PRODUCT_BUNDLE_IDENTIFIER = com.jido.SymphonyKanbanTests;
				PRODUCT_NAME = "$(TARGET_NAME)";
				STRING_CATALOG_GENERATE_SYMBOLS = NO;
				SWIFT_APPROACHABLE_CONCURRENCY = YES;
				SWIFT_EMIT_LOC_STRINGS = NO;
				SWIFT_UPCOMING_FEATURE_MEMBER_IMPORT_VISIBILITY = YES;
				SWIFT_VERSION = 5.0;
				TEST_HOST = "$(BUILT_PRODUCTS_DIR)/SymphonyKanban.app/$(BUNDLE_EXECUTABLE_FOLDER_PATH)/SymphonyKanban";
			};
			name = Debug;
		};
		F43EC9D82F7639890098F6E2 /* Release */ = {
			isa = XCBuildConfiguration;
			buildSettings = {
				BUNDLE_LOADER = "$(TEST_HOST)";
				CODE_SIGN_STYLE = Automatic;
				CURRENT_PROJECT_VERSION = 1;
				DEVELOPMENT_TEAM = KRYV8QJ5PU;
				GENERATE_INFOPLIST_FILE = YES;
				MACOSX_DEPLOYMENT_TARGET = 26.2;
				MARKETING_VERSION = 1.0;
				PRODUCT_BUNDLE_IDENTIFIER = com.jido.SymphonyKanbanTests;
				PRODUCT_NAME = "$(TARGET_NAME)";
				STRING_CATALOG_GENERATE_SYMBOLS = NO;
				SWIFT_APPROACHABLE_CONCURRENCY = YES;
				SWIFT_EMIT_LOC_STRINGS = NO;
				SWIFT_UPCOMING_FEATURE_MEMBER_IMPORT_VISIBILITY = YES;
				SWIFT_VERSION = 5.0;
				TEST_HOST = "$(BUILT_PRODUCTS_DIR)/SymphonyKanban.app/$(BUNDLE_EXECUTABLE_FOLDER_PATH)/SymphonyKanban";
			};
			name = Release;
		};
		F43EC9DA2F7639890098F6E2 /* Debug */ = {
			isa = XCBuildConfiguration;
			buildSettings = {
				CODE_SIGN_STYLE = Automatic;
				CURRENT_PROJECT_VERSION = 1;
				DEVELOPMENT_TEAM = KRYV8QJ5PU;
				GENERATE_INFOPLIST_FILE = YES;
				MARKETING_VERSION = 1.0;
				PRODUCT_BUNDLE_IDENTIFIER = com.jido.SymphonyKanbanUITests;
				PRODUCT_NAME = "$(TARGET_NAME)";
				STRING_CATALOG_GENERATE_SYMBOLS = NO;
				SWIFT_APPROACHABLE_CONCURRENCY = YES;
				SWIFT_EMIT_LOC_STRINGS = NO;
				SWIFT_UPCOMING_FEATURE_MEMBER_IMPORT_VISIBILITY = YES;
				SWIFT_VERSION = 5.0;
				TEST_TARGET_NAME = SymphonyKanban;
			};
			name = Debug;
		};
		F43EC9DB2F7639890098F6E2 /* Release */ = {
			isa = XCBuildConfiguration;
			buildSettings = {
				CODE_SIGN_STYLE = Automatic;
				CURRENT_PROJECT_VERSION = 1;
				DEVELOPMENT_TEAM = KRYV8QJ5PU;
				GENERATE_INFOPLIST_FILE = YES;
				MARKETING_VERSION = 1.0;
				PRODUCT_BUNDLE_IDENTIFIER = com.jido.SymphonyKanbanUITests;
				PRODUCT_NAME = "$(TARGET_NAME)";
				STRING_CATALOG_GENERATE_SYMBOLS = NO;
				SWIFT_APPROACHABLE_CONCURRENCY = YES;
				SWIFT_EMIT_LOC_STRINGS = NO;
				SWIFT_UPCOMING_FEATURE_MEMBER_IMPORT_VISIBILITY = YES;
				SWIFT_VERSION = 5.0;
				TEST_TARGET_NAME = SymphonyKanban;
			};
			name = Release;
		};
/* End XCBuildConfiguration section */

/* Begin XCConfigurationList section */
		F43EC9AD2F7639880098F6E2 /* Build configuration list for PBXProject "SymphonyKanban" */ = {
			isa = XCConfigurationList;
			buildConfigurations = (
				F43EC9D12F7639890098F6E2 /* Debug */,
				F43EC9D22F7639890098F6E2 /* Release */,
			);
			defaultConfigurationIsVisible = 0;
			defaultConfigurationName = Release;
		};
		F43EC9D32F7639890098F6E2 /* Build configuration list for PBXNativeTarget "SymphonyKanban" */ = {
			isa = XCConfigurationList;
			buildConfigurations = (
				F43EC9D42F7639890098F6E2 /* Debug */,
				F43EC9D52F7639890098F6E2 /* Release */,
			);
			defaultConfigurationIsVisible = 0;
			defaultConfigurationName = Release;
		};
		F43EC9D62F7639890098F6E2 /* Build configuration list for PBXNativeTarget "SymphonyKanbanTests" */ = {
			isa = XCConfigurationList;
			buildConfigurations = (
				F43EC9D72F7639890098F6E2 /* Debug */,
				F43EC9D82F7639890098F6E2 /* Release */,
			);
			defaultConfigurationIsVisible = 0;
			defaultConfigurationName = Release;
		};
		F43EC9D92F7639890098F6E2 /* Build configuration list for PBXNativeTarget "SymphonyKanbanUITests" */ = {
			isa = XCConfigurationList;
			buildConfigurations = (
				F43EC9DA2F7639890098F6E2 /* Debug */,
				F43EC9DB2F7639890098F6E2 /* Release */,
			);
			defaultConfigurationIsVisible = 0;
			defaultConfigurationName = Release;
		};
/* End XCConfigurationList section */

/* Begin XCRemoteSwiftPackageReference section */
		F43ECC2C2F763E1B0098F6E2 /* XCRemoteSwiftPackageReference "swift-syntax" */ = {
			isa = XCRemoteSwiftPackageReference;
			repositoryURL = "https://github.com/swiftlang/swift-syntax.git";
			requirement = {
				kind = upToNextMajorVersion;
				minimumVersion = 603.0.0;
			};
		};
/* End XCRemoteSwiftPackageReference section */

/* Begin XCSwiftPackageProductDependency section */
		F43ECC2D2F763E1B0098F6E2 /* SwiftParser */ = {
			isa = XCSwiftPackageProductDependency;
			package = F43ECC2C2F763E1B0098F6E2 /* XCRemoteSwiftPackageReference "swift-syntax" */;
			productName = SwiftParser;
		};
		F43ECC2F2F763E1B0098F6E2 /* SwiftSyntax */ = {
			isa = XCSwiftPackageProductDependency;
			package = F43ECC2C2F763E1B0098F6E2 /* XCRemoteSwiftPackageReference "swift-syntax" */;
			productName = SwiftSyntax;
		};
/* End XCSwiftPackageProductDependency section */
	};
	rootObject = F43EC9AA2F7639880098F6E2 /* Project object */;
}
